// !$*UTF8*$!
{
	archiveVersion = 1;
	classes = {
	};
	objectVersion = 46;
	objects = {

/* Begin PBXBuildFile section */
		9F092B9B18B43CB50028B067 /* Foundation.framework in Frameworks */ = {isa = PBXBuildFile; fileRef = 9F092B9A18B43CB50028B067 /* Foundation.framework */; };
		9F092B9D18B43CB50028B067 /* CoreGraphics.framework in Frameworks */ = {isa = PBXBuildFile; fileRef = 9F092B9C18B43CB50028B067 /* CoreGraphics.framework */; };
		9F092B9F18B43CB50028B067 /* UIKit.framework in Frameworks */ = {isa = PBXBuildFile; fileRef = 9F092B9E18B43CB50028B067 /* UIKit.framework */; };
		9F092BA118B43CB50028B067 /* CoreData.framework in Frameworks */ = {isa = PBXBuildFile; fileRef = 9F092BA018B43CB50028B067 /* CoreData.framework */; };
		9F092BA718B43CB50028B067 /* InfoPlist.strings in Resources */ = {isa = PBXBuildFile; fileRef = 9F092BA518B43CB50028B067 /* InfoPlist.strings */; };
		9F092BA918B43CB50028B067 /* main.m in Sources */ = {isa = PBXBuildFile; fileRef = 9F092BA818B43CB50028B067 /* main.m */; };
		9F092BAD18B43CB50028B067 /* TRAppDelegate.m in Sources */ = {isa = PBXBuildFile; fileRef = 9F092BAC18B43CB50028B067 /* TRAppDelegate.m */; };
		9F092BB018B43CB50028B067 /* TRMusic_QQMusic.xcdatamodeld in Sources */ = {isa = PBXBuildFile; fileRef = 9F092BAE18B43CB50028B067 /* TRMusic_QQMusic.xcdatamodeld */; };
		9F092BB218B43CB50028B067 /* Images.xcassets in Resources */ = {isa = PBXBuildFile; fileRef = 9F092BB118B43CB50028B067 /* Images.xcassets */; };
		9F092BB918B43CB50028B067 /* XCTest.framework in Frameworks */ = {isa = PBXBuildFile; fileRef = 9F092BB818B43CB50028B067 /* XCTest.framework */; };
		9F092BBA18B43CB50028B067 /* Foundation.framework in Frameworks */ = {isa = PBXBuildFile; fileRef = 9F092B9A18B43CB50028B067 /* Foundation.framework */; };
		9F092BBB18B43CB50028B067 /* UIKit.framework in Frameworks */ = {isa = PBXBuildFile; fileRef = 9F092B9E18B43CB50028B067 /* UIKit.framework */; };
		9F092BBC18B43CB50028B067 /* CoreData.framework in Frameworks */ = {isa = PBXBuildFile; fileRef = 9F092BA018B43CB50028B067 /* CoreData.framework */; };
		9F092BC418B43CB50028B067 /* InfoPlist.strings in Resources */ = {isa = PBXBuildFile; fileRef = 9F092BC218B43CB50028B067 /* InfoPlist.strings */; };
		9F092BC618B43CB50028B067 /* TRMusic_QQMusicTests.m in Sources */ = {isa = PBXBuildFile; fileRef = 9F092BC518B43CB50028B067 /* TRMusic_QQMusicTests.m */; };
/* End PBXBuildFile section */

/* Begin PBXContainerItemProxy section */
		9F092BBD18B43CB50028B067 /* PBXContainerItemProxy */ = {
			isa = PBXContainerItemProxy;
			containerPortal = 9F092B8F18B43CB50028B067 /* Project object */;
			proxyType = 1;
			remoteGlobalIDString = 9F092B9618B43CB50028B067;
			remoteInfo = TRMusic_QQMusic;
		};
/* End PBXContainerItemProxy section */

/* Begin PBXFileReference section */
		9F092B9718B43CB50028B067 /* TRMusic_QQMusic.app */ = {isa = PBXFileReference; explicitFileType = wrapper.application; includeInIndex = 0; path = TRMusic_QQMusic.app; sourceTree = BUILT_PRODUCTS_DIR; };
		9F092B9A18B43CB50028B067 /* Foundation.framework */ = {isa = PBXFileReference; lastKnownFileType = wrapper.framework; name = Foundation.framework; path = System/Library/Frameworks/Foundation.framework; sourceTree = SDKROOT; };
		9F092B9C18B43CB50028B067 /* CoreGraphics.framework */ = {isa = PBXFileReference; lastKnownFileType = wrapper.framework; name = CoreGraphics.framework; path = System/Library/Frameworks/CoreGraphics.framework; sourceTree = SDKROOT; };
		9F092B9E18B43CB50028B067 /* UIKit.framework */ = {isa = PBXFileReference; lastKnownFileType = wrapper.framework; name = UIKit.framework; path = System/Library/Frameworks/UIKit.framework; sourceTree = SDKROOT; };
		9F092BA018B43CB50028B067 /* CoreData.framework */ = {isa = PBXFileReference; lastKnownFileType = wrapper.framework; name = CoreData.framework; path = System/Library/Frameworks/CoreData.framework; sourceTree = SDKROOT; };
		9F092BA418B43CB50028B067 /* TRMusic_QQMusic-Info.plist */ = {isa = PBXFileReference; lastKnownFileType = text.plist.xml; path = "TRMusic_QQMusic-Info.plist"; sourceTree = "<group>"; };
		9F092BA618B43CB50028B067 /* en */ = {isa = PBXFileReference; lastKnownFileType = text.plist.strings; name = en; path = en.lproj/InfoPlist.strings; sourceTree = "<group>"; };
		9F092BA818B43CB50028B067 /* main.m */ = {isa = PBXFileReference; lastKnownFileType = sourcecode.c.objc; path = main.m; sourceTree = "<group>"; };
		9F092BAA18B43CB50028B067 /* TRMusic_QQMusic-Prefix.pch */ = {isa = PBXFileReference; lastKnownFileType = sourcecode.c.h; path = "TRMusic_QQMusic-Prefix.pch"; sourceTree = "<group>"; };
		9F092BAB18B43CB50028B067 /* TRAppDelegate.h */ = {isa = PBXFileReference; lastKnownFileType = sourcecode.c.h; path = TRAppDelegate.h; sourceTree = "<group>"; };
		9F092BAC18B43CB50028B067 /* TRAppDelegate.m */ = {isa = PBXFileReference; lastKnownFileType = sourcecode.c.objc; path = TRAppDelegate.m; sourceTree = "<group>"; };
		9F092BAF18B43CB50028B067 /* TRMusic_QQMusic.xcdatamodel */ = {isa = PBXFileReference; lastKnownFileType = wrapper.xcdatamodel; path = TRMusic_QQMusic.xcdatamodel; sourceTree = "<group>"; };
		9F092BB118B43CB50028B067 /* Images.xcassets */ = {isa = PBXFileReference; lastKnownFileType = folder.assetcatalog; path = Images.xcassets; sourceTree = "<group>"; };
		9F092BB718B43CB50028B067 /* TRMusic_QQMusicTests.xctest */ = {isa = PBXFileReference; explicitFileType = wrapper.cfbundle; includeInIndex = 0; path = TRMusic_QQMusicTests.xctest; sourceTree = BUILT_PRODUCTS_DIR; };
		9F092BB818B43CB50028B067 /* XCTest.framework */ = {isa = PBXFileReference; lastKnownFileType = wrapper.framework; name = XCTest.framework; path = Library/Frameworks/XCTest.framework; sourceTree = DEVELOPER_DIR; };
		9F092BC118B43CB50028B067 /* TRMusic_QQMusicTests-Info.plist */ = {isa = PBXFileReference; lastKnownFileType = text.plist.xml; path = "TRMusic_QQMusicTests-Info.plist"; sourceTree = "<group>"; };
		9F092BC318B43CB50028B067 /* en */ = {isa = PBXFileReference; lastKnownFileType = text.plist.strings; name = en; path = en.lproj/InfoPlist.strings; sourceTree = "<group>"; };
		9F092BC518B43CB50028B067 /* TRMusic_QQMusicTests.m */ = {isa = PBXFileReference; lastKnownFileType = sourcecode.c.objc; path = TRMusic_QQMusicTests.m; sourceTree = "<group>"; };
/* End PBXFileReference section */

/* Begin PBXFrameworksBuildPhase section */
		9F092B9418B43CB50028B067 /* Frameworks */ = {
			isa = PBXFrameworksBuildPhase;
			buildActionMask = 2147483647;
			files = (
				9F092B9D18B43CB50028B067 /* CoreGraphics.framework in Frameworks */,
				9F092BA118B43CB50028B067 /* CoreData.framework in Frameworks */,
				9F092B9F18B43CB50028B067 /* UIKit.framework in Frameworks */,
				9F092B9B18B43CB50028B067 /* Foundation.framework in Frameworks */,
			);
			runOnlyForDeploymentPostprocessing = 0;
		};
		9F092BB418B43CB50028B067 /* Frameworks */ = {
			isa = PBXFrameworksBuildPhase;
			buildActionMask = 2147483647;
			files = (
				9F092BB918B43CB50028B067 /* XCTest.framework in Frameworks */,
				9F092BBC18B43CB50028B067 /* CoreData.framework in Frameworks */,
				9F092BBB18B43CB50028B067 /* UIKit.framework in Frameworks */,
				9F092BBA18B43CB50028B067 /* Foundation.framework in Frameworks */,
			);
			runOnlyForDeploymentPostprocessing = 0;
		};
/* End PBXFrameworksBuildPhase section */

/* Begin PBXGroup section */
		9F092B8E18B43CB50028B067 = {
			isa = PBXGroup;
			children = (
				9F092BA218B43CB50028B067 /* TRMusic_QQMusic */,
				9F092BBF18B43CB50028B067 /* TRMusic_QQMusicTests */,
				9F092B9918B43CB50028B067 /* Frameworks */,
				9F092B9818B43CB50028B067 /* Products */,
			);
			sourceTree = "<group>";
		};
		9F092B9818B43CB50028B067 /* Products */ = {
			isa = PBXGroup;
			children = (
				9F092B9718B43CB50028B067 /* TRMusic_QQMusic.app */,
				9F092BB718B43CB50028B067 /* TRMusic_QQMusicTests.xctest */,
			);
			name = Products;
			sourceTree = "<group>";
		};
		9F092B9918B43CB50028B067 /* Frameworks */ = {
			isa = PBXGroup;
			children = (
				9F092B9A18B43CB50028B067 /* Foundation.framework */,
				9F092B9C18B43CB50028B067 /* CoreGraphics.framework */,
				9F092B9E18B43CB50028B067 /* UIKit.framework */,
				9F092BA018B43CB50028B067 /* CoreData.framework */,
				9F092BB818B43CB50028B067 /* XCTest.framework */,
			);
			name = Frameworks;
			sourceTree = "<group>";
		};
		9F092BA218B43CB50028B067 /* TRMusic_QQMusic */ = {
			isa = PBXGroup;
			children = (
				9F092BAB18B43CB50028B067 /* TRAppDelegate.h */,
				9F092BAC18B43CB50028B067 /* TRAppDelegate.m */,
				9F092BB118B43CB50028B067 /* Images.xcassets */,
				9F092BAE18B43CB50028B067 /* TRMusic_QQMusic.xcdatamodeld */,
				9F092BA318B43CB50028B067 /* Supporting Files */,
			);
			path = TRMusic_QQMusic;
			sourceTree = "<group>";
		};
		9F092BA318B43CB50028B067 /* Supporting Files */ = {
			isa = PBXGroup;
			children = (
				9F092BA418B43CB50028B067 /* TRMusic_QQMusic-Info.plist */,
				9F092BA518B43CB50028B067 /* InfoPlist.strings */,
				9F092BA818B43CB50028B067 /* main.m */,
				9F092BAA18B43CB50028B067 /* TRMusic_QQMusic-Prefix.pch */,
			);
			name = "Supporting Files";
			sourceTree = "<group>";
		};
		9F092BBF18B43CB50028B067 /* TRMusic_QQMusicTests */ = {
			isa = PBXGroup;
			children = (
				9F092BC518B43CB50028B067 /* TRMusic_QQMusicTests.m */,
				9F092BC018B43CB50028B067 /* Supporting Files */,
			);
			path = TRMusic_QQMusicTests;
			sourceTree = "<group>";
		};
		9F092BC018B43CB50028B067 /* Supporting Files */ = {
			isa = PBXGroup;
			children = (
				9F092BC118B43CB50028B067 /* TRMusic_QQMusicTests-Info.plist */,
				9F092BC218B43CB50028B067 /* InfoPlist.strings */,
			);
			name = "Supporting Files";
			sourceTree = "<group>";
		};
/* End PBXGroup section */

/* Begin PBXNativeTarget section */
		9F092B9618B43CB50028B067 /* TRMusic_QQMusic */ = {
			isa = PBXNativeTarget;
			buildConfigurationList = 9F092BC918B43CB50028B067 /* Build configuration list for PBXNativeTarget "TRMusic_QQMusic" */;
			buildPhases = (
				9F092B9318B43CB50028B067 /* Sources */,
				9F092B9418B43CB50028B067 /* Frameworks */,
				9F092B9518B43CB50028B067 /* Resources */,
			);
			buildRules = (
			);
			dependencies = (
			);
			name = TRMusic_QQMusic;
			productName = TRMusic_QQMusic;
			productReference = 9F092B9718B43CB50028B067 /* TRMusic_QQMusic.app */;
			productType = "com.apple.product-type.application";
		};
		9F092BB618B43CB50028B067 /* TRMusic_QQMusicTests */ = {
			isa = PBXNativeTarget;
			buildConfigurationList = 9F092BCC18B43CB50028B067 /* Build configuration list for PBXNativeTarget "TRMusic_QQMusicTests" */;
			buildPhases = (
				9F092BB318B43CB50028B067 /* Sources */,
				9F092BB418B43CB50028B067 /* Frameworks */,
				9F092BB518B43CB50028B067 /* Resources */,
			);
			buildRules = (
			);
			dependencies = (
				9F092BBE18B43CB50028B067 /* PBXTargetDependency */,
			);
			name = TRMusic_QQMusicTests;
			productName = TRMusic_QQMusicTests;
			productReference = 9F092BB718B43CB50028B067 /* TRMusic_QQMusicTests.xctest */;
			productType = "com.apple.product-type.bundle.unit-test";
		};
/* End PBXNativeTarget section */

/* Begin PBXProject section */
		9F092B8F18B43CB50028B067 /* Project object */ = {
			isa = PBXProject;
			attributes = {
				CLASSPREFIX = TR;
				LastUpgradeCheck = 0500;
				ORGANIZATIONNAME = Tarena;
				TargetAttributes = {
					9F092BB618B43CB50028B067 = {
						TestTargetID = 9F092B9618B43CB50028B067;
					};
				};
			};
			buildConfigurationList = 9F092B9218B43CB50028B067 /* Build configuration list for PBXProject "TRMusic_QQMusic" */;
			compatibilityVersion = "Xcode 3.2";
			developmentRegion = English;
			hasScannedForEncodings = 0;
			knownRegions = (
				en,
			);
			mainGroup = 9F092B8E18B43CB50028B067;
			productRefGroup = 9F092B9818B43CB50028B067 /* Products */;
			projectDirPath = "";
			projectRoot = "";
			targets = (
				9F092B9618B43CB50028B067 /* TRMusic_QQMusic */,
				9F092BB618B43CB50028B067 /* TRMusic_QQMusicTests */,
			);
		};
/* End PBXProject section */

/* Begin PBXResourcesBuildPhase section */
		9F092B9518B43CB50028B067 /* Resources */ = {
			isa = PBXResourcesBuildPhase;
			buildActionMask = 2147483647;
			files = (
				9F092BA718B43CB50028B067 /* InfoPlist.strings in Resources */,
				9F092BB218B43CB50028B067 /* Images.xcassets in Resources */,
			);
			runOnlyForDeploymentPostprocessing = 0;
		};
		9F092BB518B43CB50028B067 /* Resources */ = {
			isa = PBXResourcesBuildPhase;
			buildActionMask = 2147483647;
			files = (
				9F092BC418B43CB50028B067 /* InfoPlist.strings in Resources */,
			);
			runOnlyForDeploymentPostprocessing = 0;
		};
/* End PBXResourcesBuildPhase section */

/* Begin PBXSourcesBuildPhase section */
		9F092B9318B43CB50028B067 /* Sources */ = {
			isa = PBXSourcesBuildPhase;
			buildActionMask = 2147483647;
			files = (
				9F092BAD18B43CB50028B067 /* TRAppDelegate.m in Sources */,
				9F092BB018B43CB50028B067 /* TRMusic_QQMusic.xcdatamodeld in Sources */,
				9F092BA918B43CB50028B067 /* main.m in Sources */,
			);
			runOnlyForDeploymentPostprocessing = 0;
		};
		9F092BB318B43CB50028B067 /* Sources */ = {
			isa = PBXSourcesBuildPhase;
			buildActionMask = 2147483647;
			files = (
				9F092BC618B43CB50028B067 /* TRMusic_QQMusicTests.m in Sources */,
			);
			runOnlyForDeploymentPostprocessing = 0;
		};
/* End PBXSourcesBuildPhase section */

/* Begin PBXTargetDependency section */
		9F092BBE18B43CB50028B067 /* PBXTargetDependency */ = {
			isa = PBXTargetDependency;
			target = 9F092B9618B43CB50028B067 /* TRMusic_QQMusic */;
			targetProxy = 9F092BBD18B43CB50028B067 /* PBXContainerItemProxy */;
		};
/* End PBXTargetDependency section */

/* Begin PBXVariantGroup section */
		9F092BA518B43CB50028B067 /* InfoPlist.strings */ = {
			isa = PBXVariantGroup;
			children = (
				9F092BA618B43CB50028B067 /* en */,
			);
			name = InfoPlist.strings;
			sourceTree = "<group>";
		};
		9F092BC218B43CB50028B067 /* InfoPlist.strings */ = {
			isa = PBXVariantGroup;
			children = (
				9F092BC318B43CB50028B067 /* en */,
			);
			name = InfoPlist.strings;
			sourceTree = "<group>";
		};
/* End PBXVariantGroup section */

/* Begin XCBuildConfiguration section */
		9F092BC718B43CB50028B067 /* Debug */ = {
			isa = XCBuildConfiguration;
			buildSettings = {
				ALWAYS_SEARCH_USER_PATHS = NO;
				ARCHS = "$(ARCHS_STANDARD_INCLUDING_64_BIT)";
				CLANG_CXX_LANGUAGE_STANDARD = "gnu++0x";
				CLANG_CXX_LIBRARY = "libc++";
				CLANG_ENABLE_MODULES = YES;
				CLANG_ENABLE_OBJC_ARC = YES;
				CLANG_WARN_BOOL_CONVERSION = YES;
				CLANG_WARN_CONSTANT_CONVERSION = YES;
				CLANG_WARN_DIRECT_OBJC_ISA_USAGE = YES_ERROR;
				CLANG_WARN_EMPTY_BODY = YES;
				CLANG_WARN_ENUM_CONVERSION = YES;
				CLANG_WARN_INT_CONVERSION = YES;
				CLANG_WARN_OBJC_ROOT_CLASS = YES_ERROR;
				CLANG_WARN__DUPLICATE_METHOD_MATCH = YES;
				"CODE_SIGN_IDENTITY[sdk=iphoneos*]" = "iPhone Developer";
				COPY_PHASE_STRIP = NO;
				GCC_C_LANGUAGE_STANDARD = gnu99;
				GCC_DYNAMIC_NO_PIC = NO;
				GCC_OPTIMIZATION_LEVEL = 0;
				GCC_PREPROCESSOR_DEFINITIONS = (
					"DEBUG=1",
					"$(inherited)",
				);
				GCC_SYMBOLS_PRIVATE_EXTERN = NO;
				GCC_WARN_64_TO_32_BIT_CONVERSION = YES;
				GCC_WARN_ABOUT_RETURN_TYPE = YES_ERROR;
				GCC_WARN_UNDECLARED_SELECTOR = YES;
				GCC_WARN_UNINITIALIZED_AUTOS = YES;
				GCC_WARN_UNUSED_FUNCTION = YES;
				GCC_WARN_UNUSED_VARIABLE = YES;
				IPHONEOS_DEPLOYMENT_TARGET = 7.0;
				ONLY_ACTIVE_ARCH = YES;
				SDKROOT = iphoneos;
			};
			name = Debug;
		};
		9F092BC818B43CB50028B067 /* Release */ = {
			isa = XCBuildConfiguration;
			buildSettings = {
				ALWAYS_SEARCH_USER_PATHS = NO;
				ARCHS = "$(ARCHS_STANDARD_INCLUDING_64_BIT)";
				CLANG_CXX_LANGUAGE_STANDARD = "gnu++0x";
				CLANG_CXX_LIBRARY = "libc++";
				CLANG_ENABLE_MODULES = YES;
				CLANG_ENABLE_OBJC_ARC = YES;
				CLANG_WARN_BOOL_CONVERSION = YES;
				CLANG_WARN_CONSTANT_CONVERSION = YES;
				CLANG_WARN_DIRECT_OBJC_ISA_USAGE = YES_ERROR;
				CLANG_WARN_EMPTY_BODY = YES;
				CLANG_WARN_ENUM_CONVERSION = YES;
				CLANG_WARN_INT_CONVERSION = YES;
				CLANG_WARN_OBJC_ROOT_CLASS = YES_ERROR;
				CLANG_WARN__DUPLICATE_METHOD_MATCH = YES;
				"CODE_SIGN_IDENTITY[sdk=iphoneos*]" = "iPhone Developer";
				COPY_PHASE_STRIP = YES;
				ENABLE_NS_ASSERTIONS = NO;
				GCC_C_LANGUAGE_STANDARD = gnu99;
				GCC_WARN_64_TO_32_BIT_CONVERSION = YES;
				GCC_WARN_ABOUT_RETURN_TYPE = YES_ERROR;
				GCC_WARN_UNDECLARED_SELECTOR = YES;
				GCC_WARN_UNINITIALIZED_AUTOS = YES;
				GCC_WARN_UNUSED_FUNCTION = YES;
				GCC_WARN_UNUSED_VARIABLE = YES;
				IPHONEOS_DEPLOYMENT_TARGET = 7.0;
				SDKROOT = iphoneos;
				VALIDATE_PRODUCT = YES;
			};
			name = Release;
		};
		9F092BCA18B43CB50028B067 /* Debug */ = {
			isa = XCBuildConfiguration;
			buildSettings = {
				ASSETCATALOG_COMPILER_APPICON_NAME = AppIcon;
				ASSETCATALOG_COMPILER_LAUNCHIMAGE_NAME = LaunchImage;
				GCC_PRECOMPILE_PREFIX_HEADER = YES;
				GCC_PREFIX_HEADER = "TRMusic_QQMusic/TRMusic_QQMusic-Prefix.pch";
				INFOPLIST_FILE = "TRMusic_QQMusic/TRMusic_QQMusic-Info.plist";
				PRODUCT_NAME = "$(TARGET_NAME)";
				WRAPPER_EXTENSION = app;
			};
			name = Debug;
		};
		9F092BCB18B43CB50028B067 /* Release */ = {
			isa = XCBuildConfiguration;
			buildSettings = {
				ASSETCATALOG_COMPILER_APPICON_NAME = AppIcon;
				ASSETCATALOG_COMPILER_LAUNCHIMAGE_NAME = LaunchImage;
				GCC_PRECOMPILE_PREFIX_HEADER = YES;
				GCC_PREFIX_HEADER = "TRMusic_QQMusic/TRMusic_QQMusic-Prefix.pch";
				INFOPLIST_FILE = "TRMusic_QQMusic/TRMusic_QQMusic-Info.plist";
				PRODUCT_NAME = "$(TARGET_NAME)";
				WRAPPER_EXTENSION = app;
			};
			name = Release;
		};
		9F092BCD18B43CB50028B067 /* Debug */ = {
			isa = XCBuildConfiguration;
			buildSettings = {
				ARCHS = "$(ARCHS_STANDARD_INCLUDING_64_BIT)";
				BUNDLE_LOADER = "$(BUILT_PRODUCTS_DIR)/TRMusic_QQMusic.app/TRMusic_QQMusic";
				FRAMEWORK_SEARCH_PATHS = (
					"$(SDKROOT)/Developer/Library/Frameworks",
					"$(inherited)",
					"$(DEVELOPER_FRAMEWORKS_DIR)",
				);
				GCC_PRECOMPILE_PREFIX_HEADER = YES;
				GCC_PREFIX_HEADER = "TRMusic_QQMusic/TRMusic_QQMusic-Prefix.pch";
				GCC_PREPROCESSOR_DEFINITIONS = (
					"DEBUG=1",
					"$(inherited)",
				);
				INFOPLIST_FILE = "TRMusic_QQMusicTests/TRMusic_QQMusicTests-Info.plist";
				PRODUCT_NAME = "$(TARGET_NAME)";
				TEST_HOST = "$(BUNDLE_LOADER)";
				WRAPPER_EXTENSION = xctest;
			};
			name = Debug;
		};
		9F092BCE18B43CB50028B067 /* Release */ = {
			isa = XCBuildConfiguration;
			buildSettings = {
				ARCHS = "$(ARCHS_STANDARD_INCLUDING_64_BIT)";
				BUNDLE_LOADER = "$(BUILT_PRODUCTS_DIR)/TRMusic_QQMusic.app/TRMusic_QQMusic";
				FRAMEWORK_SEARCH_PATHS = (
					"$(SDKROOT)/Developer/Library/Frameworks",
					"$(inherited)",
					"$(DEVELOPER_FRAMEWORKS_DIR)",
				);
				GCC_PRECOMPILE_PREFIX_HEADER = YES;
				GCC_PREFIX_HEADER = "TRMusic_QQMusic/TRMusic_QQMusic-Prefix.pch";
				INFOPLIST_FILE = "TRMusic_QQMusicTests/TRMusic_QQMusicTests-Info.plist";
				PRODUCT_NAME = "$(TARGET_NAME)";
				TEST_HOST = "$(BUNDLE_LOADER)";
				WRAPPER_EXTENSION = xctest;
			};
			name = Release;
		};
/* End XCBuildConfiguration section */

/* Begin XCConfigurationList section */
		9F092B9218B43CB50028B067 /* Build configuration list for PBXProject "TRMusic_QQMusic" */ = {
			isa = XCConfigurationList;
			buildConfigurations = (
				9F092BC718B43CB50028B067 /* Debug */,
				9F092BC818B43CB50028B067 /* Release */,
			);
			defaultConfigurationIsVisible = 0;
			defaultConfigurationName = Release;
		};
		9F092BC918B43CB50028B067 /* Build configuration list for PBXNativeTarget "TRMusic_QQMusic" */ = {
			isa = XCConfigurationList;
			buildConfigurations = (
				9F092BCA18B43CB50028B067 /* Debug */,
				9F092BCB18B43CB50028B067 /* Release */,
			);
			defaultConfigurationIsVisible = 0;
		};
		9F092BCC18B43CB50028B067 /* Build configuration list for PBXNativeTarget "TRMusic_QQMusicTests" */ = {
			isa = XCConfigurationList;
			buildConfigurations = (
				9F092BCD18B43CB50028B067 /* Debug */,
				9F092BCE18B43CB50028B067 /* Release */,
			);
			defaultConfigurationIsVisible = 0;
		};
/* End XCConfigurationList section */

/* Begin XCVersionGroup section */
		9F092BAE18B43CB50028B067 /* TRMusic_QQMusic.xcdatamodeld */ = {
			isa = XCVersionGroup;
			children = (
				9F092BAF18B43CB50028B067 /* TRMusic_QQMusic.xcdatamodel */,
			);
			currentVersion = 9F092BAF18B43CB50028B067 /* TRMusic_QQMusic.xcdatamodel */;
			path = TRMusic_QQMusic.xcdatamodeld;
			sourceTree = "<group>";
			versionGroupType = wrapper.xcdatamodel;
		};
/* End XCVersionGroup section */
	};
	rootObject = 9F092B8F18B43CB50028B067 /* Project object */;
}
